
Microsoft Visual Studio Solution File, Format Version 12.00
# Visual Studio 15
VisualStudioVersion = 15.0.27703.2026
MinimumVisualStudioVersion = 10.0.40219.1
Project("{FAE04EC0-301F-11D3-BF4B-00C04F79EFBC}") = "WhatsLikeFinal", "WhatsLikeFinal\WhatsLikeFinal.csproj", "{8BB5D3B5-4495-4774-ACF1-AA9172EED4AF}"
EndProject
Global
	GlobalSection(SolutionConfigurationPlatforms) = preSolution
		Debug|Any CPU = Debug|Any CPU
		Release|Any CPU = Release|Any CPU
	EndGlobalSection
	GlobalSection(ProjectConfigurationPlatforms) = postSolution
		{8BB5D3B5-4495-4774-ACF1-AA9172EED4AF}.Debug|Any CPU.ActiveCfg = Debug|Any CPU
		{8BB5D3B5-4495-4774-ACF1-AA9172EED4AF}.Debug|Any CPU.Build.0 = Debug|Any CPU
		{8BB5D3B5-4495-4774-ACF1-AA9172EED4AF}.Release|Any CPU.ActiveCfg = Release|Any CPU
		{8BB5D3B5-4495-4774-ACF1-AA9172EED4AF}.Release|Any CPU.Build.0 = Release|Any CPU
	EndGlobalSection
	GlobalSection(SolutionProperties) = preSolution
		HideSolutionNode = FALSE
	EndGlobalSection
	GlobalSection(ExtensibilityGlobals) = postSolution
		SolutionGuid = {8D71E5F5-F432-489C-8C2C-AD49BC0637D1}
	EndGlobalSection
EndGlobal
